
Microsoft Visual Studio Solution File, Format Version 12.00
# Visual Studio Version 17
VisualStudioVersion = 17.6.33723.286
MinimumVisualStudioVersion = 10.0.40219.1
Project("{FAE04EC0-301F-11D3-BF4B-00C04F79EFBC}") = "DataStructures", "DataStructures\DataStructures.csproj", "{9D32AE2C-2B02-4274-BFFB-50661A546D91}"
EndProject
Global
	GlobalSection(SolutionConfigurationPlatforms) = preSolution
		Debug|Any CPU = Debug|Any CPU
		Release|Any CPU = Release|Any CPU
	EndGlobalSection
	GlobalSection(ProjectConfigurationPlatforms) = postSolution
		{9D32AE2C-2B02-4274-BFFB-50661A546D91}.Debug|Any CPU.ActiveCfg = Debug|Any CPU
		{9D32AE2C-2B02-4274-BFFB-50661A546D91}.Debug|Any CPU.Build.0 = Debug|Any CPU
		{9D32AE2C-2B02-4274-BFFB-50661A546D91}.Release|Any CPU.ActiveCfg = Release|Any CPU
		{9D32AE2C-2B02-4274-BFFB-50661A546D91}.Release|Any CPU.Build.0 = Release|Any CPU
	EndGlobalSection
	GlobalSection(SolutionProperties) = preSolution
		HideSolutionNode = FALSE
	EndGlobalSection
	GlobalSection(ExtensibilityGlobals) = postSolution
		SolutionGuid = {DEF6EBE3-35F2-4D10-AE48-FED72E8C1E07}
	EndGlobalSection
EndGlobal
